
Microsoft Visual Studio Solution File, Format Version 12.00
Project("{FAE04EC0-301F-11D3-BF4B-00C04F79EFBC}") = "Lab3", "Lab3\Lab3.csproj", "{D13B4B62-F627-407F-8420-5034BB66A774}"
EndProject
Project("{FAE04EC0-301F-11D3-BF4B-00C04F79EFBC}") = "UnitTests", "UnitTests\UnitTests.csproj", "{435A8BBD-EE33-4E79-A99E-0097FF526E62}"
EndProject
Global
	GlobalSection(SolutionConfigurationPlatforms) = preSolution
		Debug|Any CPU = Debug|Any CPU
		Release|Any CPU = Release|Any CPU
	EndGlobalSection
	GlobalSection(ProjectConfigurationPlatforms) = postSolution
		{D13B4B62-F627-407F-8420-5034BB66A774}.Debug|Any CPU.ActiveCfg = Debug|Any CPU
		{D13B4B62-F627-407F-8420-5034BB66A774}.Debug|Any CPU.Build.0 = Debug|Any CPU
		{D13B4B62-F627-407F-8420-5034BB66A774}.Release|Any CPU.ActiveCfg = Release|Any CPU
		{D13B4B62-F627-407F-8420-5034BB66A774}.Release|Any CPU.Build.0 = Release|Any CPU
		{435A8BBD-EE33-4E79-A99E-0097FF526E62}.Debug|Any CPU.ActiveCfg = Debug|Any CPU
		{435A8BBD-EE33-4E79-A99E-0097FF526E62}.Debug|Any CPU.Build.0 = Debug|Any CPU
		{435A8BBD-EE33-4E79-A99E-0097FF526E62}.Release|Any CPU.ActiveCfg = Release|Any CPU
		{435A8BBD-EE33-4E79-A99E-0097FF526E62}.Release|Any CPU.Build.0 = Release|Any CPU
	EndGlobalSection
EndGlobal
